
Microsoft Visual Studio Solution File, Format Version 11.00
# Visual Studio 2010
Project("{FAE04EC0-301F-11D3-BF4B-00C04F79EFBC}") = "CreateNewAssignment", "CreateNewAssignment\CreateNewAssignment.csproj", "{EA3EE6C1-A231-43DA-BBA9-2F01B10166E3}"
EndProject
Project("{FAE04EC0-301F-11D3-BF4B-00C04F79EFBC}") = "CreateNewAssignment.Web", "CreateNewAssignment.Web\CreateNewAssignment.Web.csproj", "{7B5C328A-4EA4-4DC4-9B1C-492179628B81}"
EndProject
Global
	GlobalSection(SolutionConfigurationPlatforms) = preSolution
		Debug|Any CPU = Debug|Any CPU
		Release|Any CPU = Release|Any CPU
	EndGlobalSection
	GlobalSection(ProjectConfigurationPlatforms) = postSolution
		{EA3EE6C1-A231-43DA-BBA9-2F01B10166E3}.Debug|Any CPU.ActiveCfg = Debug|Any CPU
		{EA3EE6C1-A231-43DA-BBA9-2F01B10166E3}.Debug|Any CPU.Build.0 = Debug|Any CPU
		{EA3EE6C1-A231-43DA-BBA9-2F01B10166E3}.Release|Any CPU.ActiveCfg = Release|Any CPU
		{EA3EE6C1-A231-43DA-BBA9-2F01B10166E3}.Release|Any CPU.Build.0 = Release|Any CPU
		{7B5C328A-4EA4-4DC4-9B1C-492179628B81}.Debug|Any CPU.ActiveCfg = Debug|Any CPU
		{7B5C328A-4EA4-4DC4-9B1C-492179628B81}.Debug|Any CPU.Build.0 = Debug|Any CPU
		{7B5C328A-4EA4-4DC4-9B1C-492179628B81}.Release|Any CPU.ActiveCfg = Release|Any CPU
		{7B5C328A-4EA4-4DC4-9B1C-492179628B81}.Release|Any CPU.Build.0 = Release|Any CPU
	EndGlobalSection
	GlobalSection(SolutionProperties) = preSolution
		HideSolutionNode = FALSE
	EndGlobalSection
EndGlobal
