
Microsoft Visual Studio Solution File, Format Version 11.00
# Visual Studio 2010
Project("{FAE04EC0-301F-11D3-BF4B-00C04F79EFBC}") = "OsbleRubric", "OsbleRubric\OsbleRubric.csproj", "{2372CAFE-0543-486E-9019-449DA2428B20}"
	ProjectSection(ProjectDependencies) = postProject
		{BA1F18B4-B559-49C9-9731-A43133E74E17} = {BA1F18B4-B559-49C9-9731-A43133E74E17}
	EndProjectSection
EndProject
Project("{FAE04EC0-301F-11D3-BF4B-00C04F79EFBC}") = "OsbleRubric.Web", "OsbleRubric.Web\OsbleRubric.Web.csproj", "{BA1F18B4-B559-49C9-9731-A43133E74E17}"
EndProject
Global
	GlobalSection(TeamFoundationVersionControl) = preSolution
		SccNumberOfProjects = 3
		SccEnterpriseProvider = {4CA58AB2-18FA-4F8D-95D4-32DDF27D184C}
		SccTeamFoundationServer = https://tfs.codeplex.com/tfs/tfs25
		SccLocalPath0 = .
		SccProjectUniqueName1 = OsbleRubric\\OsbleRubric.csproj
		SccProjectName1 = OsbleRubric
		SccLocalPath1 = OsbleRubric
		SccProjectUniqueName2 = OsbleRubric.Web\\OsbleRubric.Web.csproj
		SccProjectName2 = OsbleRubric.Web
		SccLocalPath2 = OsbleRubric.Web
	EndGlobalSection
	GlobalSection(SolutionConfigurationPlatforms) = preSolution
		Debug|Any CPU = Debug|Any CPU
		Release|Any CPU = Release|Any CPU
	EndGlobalSection
	GlobalSection(ProjectConfigurationPlatforms) = postSolution
		{2372CAFE-0543-486E-9019-449DA2428B20}.Debug|Any CPU.ActiveCfg = Debug|Any CPU
		{2372CAFE-0543-486E-9019-449DA2428B20}.Debug|Any CPU.Build.0 = Debug|Any CPU
		{2372CAFE-0543-486E-9019-449DA2428B20}.Release|Any CPU.ActiveCfg = Release|Any CPU
		{2372CAFE-0543-486E-9019-449DA2428B20}.Release|Any CPU.Build.0 = Release|Any CPU
		{BA1F18B4-B559-49C9-9731-A43133E74E17}.Debug|Any CPU.ActiveCfg = Debug|Any CPU
		{BA1F18B4-B559-49C9-9731-A43133E74E17}.Debug|Any CPU.Build.0 = Debug|Any CPU
		{BA1F18B4-B559-49C9-9731-A43133E74E17}.Release|Any CPU.ActiveCfg = Release|Any CPU
		{BA1F18B4-B559-49C9-9731-A43133E74E17}.Release|Any CPU.Build.0 = Release|Any CPU
	EndGlobalSection
	GlobalSection(SolutionProperties) = preSolution
		HideSolutionNode = FALSE
	EndGlobalSection
EndGlobal
